// !$*UTF8*$!
{
	archiveVersion = 1;
	classes = {
	};
	objectVersion = 46;
	objects = {

/* Begin PBXBuildFile section */
		5A6C7C271FA15AEF00F3ADB5 /* ResourcePath.mm in Sources */ = {isa = PBXBuildFile; fileRef = 5A6C7C261FA15AEF00F3ADB5 /* ResourcePath.mm */; };
		5A6C7C2A1FA15AEF00F3ADB5 /* main.cpp in Sources */ = {isa = PBXBuildFile; fileRef = 5A6C7C291FA15AEF00F3ADB5 /* main.cpp */; };
		5A6C7C2D1FA15AEF00F3ADB5 /* cute_image.jpg in Resources */ = {isa = PBXBuildFile; fileRef = 5A6C7C2C1FA15AEF00F3ADB5 /* cute_image.jpg */; };
		5A6C7C2F1FA15AEF00F3ADB5 /* nice_music.ogg in Resources */ = {isa = PBXBuildFile; fileRef = 5A6C7C2E1FA15AEF00F3ADB5 /* nice_music.ogg */; };
		5A6C7C311FA15AEF00F3ADB5 /* sansation.ttf in Resources */ = {isa = PBXBuildFile; fileRef = 5A6C7C301FA15AEF00F3ADB5 /* sansation.ttf */; };
		5A6C7C331FA15AEF00F3ADB5 /* icon.png in Resources */ = {isa = PBXBuildFile; fileRef = 5A6C7C321FA15AEF00F3ADB5 /* icon.png */; };
		5A6C7C3B1FA15B6A00F3ADB5 /* Sort.cpp in Sources */ = {isa = PBXBuildFile; fileRef = 5A6C7C391FA15B6A00F3ADB5 /* Sort.cpp */; };
		5A6C7C3E1FA1637900F3ADB5 /* Tile.cpp in Sources */ = {isa = PBXBuildFile; fileRef = 5A6C7C3C1FA1637900F3ADB5 /* Tile.cpp */; };
/* End PBXBuildFile section */

/* Begin PBXFileReference section */
		5A6C7C211FA15AEF00F3ADB5 /* Color Sort.app */ = {isa = PBXFileReference; explicitFileType = wrapper.application; includeInIndex = 0; path = "Color Sort.app"; sourceTree = BUILT_PRODUCTS_DIR; };
		5A6C7C251FA15AEF00F3ADB5 /* Color Sort-Info.plist */ = {isa = PBXFileReference; lastKnownFileType = text.plist.xml; path = "Color Sort-Info.plist"; sourceTree = "<group>"; };
		5A6C7C261FA15AEF00F3ADB5 /* ResourcePath.mm */ = {isa = PBXFileReference; lastKnownFileType = sourcecode.cpp.objcpp; path = ResourcePath.mm; sourceTree = "<group>"; };
		5A6C7C281FA15AEF00F3ADB5 /* ResourcePath.hpp */ = {isa = PBXFileReference; lastKnownFileType = sourcecode.cpp.h; path = ResourcePath.hpp; sourceTree = "<group>"; };
		5A6C7C291FA15AEF00F3ADB5 /* main.cpp */ = {isa = PBXFileReference; lastKnownFileType = sourcecode.cpp.cpp; path = main.cpp; sourceTree = "<group>"; };
		5A6C7C2C1FA15AEF00F3ADB5 /* cute_image.jpg */ = {isa = PBXFileReference; lastKnownFileType = image.jpeg; path = cute_image.jpg; sourceTree = "<group>"; };
		5A6C7C2E1FA15AEF00F3ADB5 /* nice_music.ogg */ = {isa = PBXFileReference; lastKnownFileType = file; path = nice_music.ogg; sourceTree = "<group>"; };
		5A6C7C301FA15AEF00F3ADB5 /* sansation.ttf */ = {isa = PBXFileReference; lastKnownFileType = file; path = sansation.ttf; sourceTree = "<group>"; };
		5A6C7C321FA15AEF00F3ADB5 /* icon.png */ = {isa = PBXFileReference; lastKnownFileType = image.png; path = icon.png; sourceTree = "<group>"; };
		5A6C7C391FA15B6A00F3ADB5 /* Sort.cpp */ = {isa = PBXFileReference; fileEncoding = 4; lastKnownFileType = sourcecode.cpp.cpp; path = Sort.cpp; sourceTree = "<group>"; };
		5A6C7C3A1FA15B6A00F3ADB5 /* Sort.hpp */ = {isa = PBXFileReference; fileEncoding = 4; lastKnownFileType = sourcecode.cpp.h; path = Sort.hpp; sourceTree = "<group>"; };
		5A6C7C3C1FA1637900F3ADB5 /* Tile.cpp */ = {isa = PBXFileReference; fileEncoding = 4; lastKnownFileType = sourcecode.cpp.cpp; path = Tile.cpp; sourceTree = "<group>"; };
		5A6C7C3D1FA1637900F3ADB5 /* Tile.hpp */ = {isa = PBXFileReference; fileEncoding = 4; lastKnownFileType = sourcecode.cpp.h; path = Tile.hpp; sourceTree = "<group>"; };
/* End PBXFileReference section */

/* Begin PBXFrameworksBuildPhase section */
		5A6C7C1D1FA15AEF00F3ADB5 /* Frameworks */ = {
			isa = PBXFrameworksBuildPhase;
			buildActionMask = 2147483647;
			files = (
			);
			runOnlyForDeploymentPostprocessing = 0;
		};
/* End PBXFrameworksBuildPhase section */

/* Begin PBXGroup section */
		5A6C7C171FA15AEF00F3ADB5 = {
			isa = PBXGroup;
			children = (
				5A6C7C231FA15AEF00F3ADB5 /* Color Sort */,
				5A6C7C221FA15AEF00F3ADB5 /* Products */,
			);
			sourceTree = "<group>";
		};
		5A6C7C221FA15AEF00F3ADB5 /* Products */ = {
			isa = PBXGroup;
			children = (
				5A6C7C211FA15AEF00F3ADB5 /* Color Sort.app */,
			);
			name = Products;
			sourceTree = "<group>";
		};
		5A6C7C231FA15AEF00F3ADB5 /* Color Sort */ = {
			isa = PBXGroup;
			children = (
				5A6C7C3C1FA1637900F3ADB5 /* Tile.cpp */,
				5A6C7C3D1FA1637900F3ADB5 /* Tile.hpp */,
				5A6C7C261FA15AEF00F3ADB5 /* ResourcePath.mm */,
				5A6C7C281FA15AEF00F3ADB5 /* ResourcePath.hpp */,
				5A6C7C391FA15B6A00F3ADB5 /* Sort.cpp */,
				5A6C7C3A1FA15B6A00F3ADB5 /* Sort.hpp */,
				5A6C7C291FA15AEF00F3ADB5 /* main.cpp */,
				5A6C7C2B1FA15AEF00F3ADB5 /* Resources */,
				5A6C7C241FA15AEF00F3ADB5 /* Supporting Files */,
			);
			path = "Color Sort";
			sourceTree = "<group>";
		};
		5A6C7C241FA15AEF00F3ADB5 /* Supporting Files */ = {
			isa = PBXGroup;
			children = (
				5A6C7C251FA15AEF00F3ADB5 /* Color Sort-Info.plist */,
			);
			name = "Supporting Files";
			sourceTree = "<group>";
		};
		5A6C7C2B1FA15AEF00F3ADB5 /* Resources */ = {
			isa = PBXGroup;
			children = (
				5A6C7C2C1FA15AEF00F3ADB5 /* cute_image.jpg */,
				5A6C7C2E1FA15AEF00F3ADB5 /* nice_music.ogg */,
				5A6C7C301FA15AEF00F3ADB5 /* sansation.ttf */,
				5A6C7C321FA15AEF00F3ADB5 /* icon.png */,
			);
			name = Resources;
			sourceTree = "<group>";
		};
/* End PBXGroup section */

/* Begin PBXNativeTarget section */
		5A6C7C201FA15AEF00F3ADB5 /* Color Sort */ = {
			isa = PBXNativeTarget;
			buildConfigurationList = 5A6C7C361FA15AEF00F3ADB5 /* Build configuration list for PBXNativeTarget "Color Sort" */;
			buildPhases = (
				5A6C7C1C1FA15AEF00F3ADB5 /* Sources */,
				5A6C7C1D1FA15AEF00F3ADB5 /* Frameworks */,
				5A6C7C1E1FA15AEF00F3ADB5 /* Resources */,
				5A6C7C1F1FA15AEF00F3ADB5 /* ShellScript */,
			);
			buildRules = (
			);
			dependencies = (
			);
			name = "Color Sort";
			productName = "Color Sort";
			productReference = 5A6C7C211FA15AEF00F3ADB5 /* Color Sort.app */;
			productType = "com.apple.product-type.application";
		};
/* End PBXNativeTarget section */

/* Begin PBXProject section */
		5A6C7C181FA15AEF00F3ADB5 /* Project object */ = {
			isa = PBXProject;
			attributes = {
				LastUpgradeCheck = 0830;
				ORGANIZATIONNAME = com.preston.xc;
				TargetAttributes = {
					5A6C7C201FA15AEF00F3ADB5 = {
						CreatedOnToolsVersion = 8.3.2;
						DevelopmentTeam = 2E9CJGV68X;
						ProvisioningStyle = Automatic;
					};
				};
			};
			buildConfigurationList = 5A6C7C1B1FA15AEF00F3ADB5 /* Build configuration list for PBXProject "Color Sort" */;
			compatibilityVersion = "Xcode 3.2";
			developmentRegion = English;
			hasScannedForEncodings = 0;
			knownRegions = (
				en,
			);
			mainGroup = 5A6C7C171FA15AEF00F3ADB5;
			productRefGroup = 5A6C7C221FA15AEF00F3ADB5 /* Products */;
			projectDirPath = "";
			projectRoot = "";
			targets = (
				5A6C7C201FA15AEF00F3ADB5 /* Color Sort */,
			);
		};
/* End PBXProject section */

/* Begin PBXResourcesBuildPhase section */
		5A6C7C1E1FA15AEF00F3ADB5 /* Resources */ = {
			isa = PBXResourcesBuildPhase;
			buildActionMask = 2147483647;
			files = (
				5A6C7C331FA15AEF00F3ADB5 /* icon.png in Resources */,
				5A6C7C311FA15AEF00F3ADB5 /* sansation.ttf in Resources */,
				5A6C7C2F1FA15AEF00F3ADB5 /* nice_music.ogg in Resources */,
				5A6C7C2D1FA15AEF00F3ADB5 /* cute_image.jpg in Resources */,
			);
			runOnlyForDeploymentPostprocessing = 0;
		};
/* End PBXResourcesBuildPhase section */

/* Begin PBXShellScriptBuildPhase section */
		5A6C7C1F1FA15AEF00F3ADB5 /* ShellScript */ = {
			isa = PBXShellScriptBuildPhase;
			buildActionMask = 2147483647;
			files = (
			);
			inputPaths = (
			);
			outputPaths = (
			);
			runOnlyForDeploymentPostprocessing = 0;
			shellPath = /bin/sh;
			shellScript = "# This shell script simply copies required SFML dylibs/frameworks into the application bundle frameworks folder.\n# If you're using static libraries (which is not recommended) you should remove this script from your project.\n\n# SETTINGS\nCMAKE_INSTALL_FRAMEWORK_PREFIX=\"/Library/Frameworks\"\nCMAKE_INSTALL_LIB_PREFIX=\"/usr/local/lib\"\nFRAMEWORKS_FULL_PATH=\"$BUILT_PRODUCTS_DIR/$FRAMEWORKS_FOLDER_PATH/\"\n\n# Are we building a project that uses frameworks or dylibs?\ncase \"$SFML_BINARY_TYPE\" in\n    DYLIBS)\n        frameworks=\"false\"\n        ;;\n    *)\n        frameworks=\"true\"\n        ;;\nesac\n\n# Echoes to stderr\nerror () # $* message to display\n{\n    echo $* 1>&2\n    exit 2\n}\n\nassert () # $1 is a boolean, $2...N is an error message\n{\n    if [ $# -lt 2 ]\n    then\n        error \"Internal error in assert: not enough args\"\n    fi\n\n    if [ $1 -ne 0 ]\n    then\n        shift\n        error \"$*\"\n    fi\n}\n\nforce_remove () # $@ is some paths\n{\n    test $# -ge 1\n    assert $? \"force_remove() requires at least one parameter\"\n    rm -fr $@\n    assert $? \"couldn't remove $@\"\n}\n\ncopy () # $1 is a source, $2 is a destination\n{\n    test $# -eq 2\n    assert $? \"copy() requires two parameters\"\n    ditto \"$1\" \"$2\"\n    assert $? \"couldn't copy $1 to $2\"\n}\n\nrequire () # $1 is a SFML module like 'system' or 'audio'\n{\n    dest=\"$BUILT_PRODUCTS_DIR/$FRAMEWORKS_FOLDER_PATH/\"\n\n    if [ -z \"$1\" ]\n    then\n        error \"require() requires one parameter!\"\n    else\n        # clean potentially old stuff\n        force_remove \"$dest/libsfml-$1\"*\n        force_remove \"$dest/sfml-$1.framework\"\n\n        # copy SFML libraries\n        if [ \"$frameworks\" = \"true\" ]\n        then\n            source=\"$CMAKE_INSTALL_FRAMEWORK_PREFIX/sfml-$1.framework\"\n            target=\"sfml-$1.framework\"\n        elif [ \"$SFML_LINK_DYLIBS_SUFFIX\" = \"-d\" ]\n        then\n            source=\"$CMAKE_INSTALL_LIB_PREFIX/libsfml-$1-d.dylib\"\n            target=\"`readlink $source`\"\n        else\n            source=\"$CMAKE_INSTALL_LIB_PREFIX/libsfml-$1.dylib\"\n            target=\"`readlink $source`\"\n        fi\n\n        copy \"$source\" \"$dest/$target\"\n\n        # copy extra dependencies\n        if [ \"$1\" = \"audio\" ]\n        then\n            # copy \"FLAC\" \"ogg\" \"vorbis\" \"vorbisenc\" \"vorbisfile\" \"OpenAL\" frameworks too\n            for f in \"FLAC\" \"ogg\" \"vorbis\" \"vorbisenc\" \"vorbisfile\" \"OpenAL\"\n            do\n                copy \"$CMAKE_INSTALL_FRAMEWORK_PREFIX/$f.framework\" \"$dest/$f.framework\"\n            done\n        elif [ \"$1\" = \"graphics\" ]\n        then\n            copy \"$CMAKE_INSTALL_FRAMEWORK_PREFIX/freetype.framework\" \"$dest/freetype.framework\"\n        fi\n    fi\n}\n\nif [ -n \"$SFML_SYSTEM\" ]\nthen\n    require \"system\"\nfi\n\nif [ -n \"$SFML_AUDIO\" ]\nthen\n    require \"audio\"\nfi\n\nif [ -n \"$SFML_NETWORK\" ]\nthen\n    require \"network\"\nfi\n\nif [ -n \"$SFML_WINDOW\" ]\nthen\n    require \"window\"\nfi\n\nif [ -n \"$SFML_GRAPHICS\" ]\nthen\n    require \"graphics\"\nfi\n\n                ";
		};
/* End PBXShellScriptBuildPhase section */

/* Begin PBXSourcesBuildPhase section */
		5A6C7C1C1FA15AEF00F3ADB5 /* Sources */ = {
			isa = PBXSourcesBuildPhase;
			buildActionMask = 2147483647;
			files = (
				5A6C7C3B1FA15B6A00F3ADB5 /* Sort.cpp in Sources */,
				5A6C7C2A1FA15AEF00F3ADB5 /* main.cpp in Sources */,
				5A6C7C271FA15AEF00F3ADB5 /* ResourcePath.mm in Sources */,
				5A6C7C3E1FA1637900F3ADB5 /* Tile.cpp in Sources */,
			);
			runOnlyForDeploymentPostprocessing = 0;
		};
/* End PBXSourcesBuildPhase section */

/* Begin XCBuildConfiguration section */
		5A6C7C341FA15AEF00F3ADB5 /* Debug */ = {
			isa = XCBuildConfiguration;
			buildSettings = {
				ARCHS = "$(NATIVE_ARCH_ACTUAL)";
				CLANG_CXX_LANGUAGE_STANDARD = "c++0x";
				CLANG_CXX_LIBRARY = "libc++";
				FRAMEWORK_SEARCH_PATHS = (
					/Library/Frameworks/,
					"$(inherited)",
				);
				GCC_VERSION = com.apple.compilers.llvm.clang.1_0;
				HEADER_SEARCH_PATHS = (
					/usr/local/include/,
					"$(inherited)",
				);
				LIBRARY_SEARCH_PATHS = (
					/usr/local/lib/,
					"$(inherited)",
				);
				MACOSX_DEPLOYMENT_TARGET = 10.7;
				OTHER_LDFLAGS = (
					"$(inherited)",
					"$(SFML_SYSTEM)",
					"$(SFML_WINDOW)",
					"$(SFML_GRAPHICS)",
					"$(SFML_AUDIO)",
					"$(SFML_NETWORK)",
				);
				SFML_AUDIO = "$(SFML_LINK_PREFIX) sfml-audio$(SFML_LINK_SUFFIX)";
				SFML_BINARY_TYPE = FRAMEWORKS;
				SFML_GRAPHICS = "$(SFML_LINK_PREFIX) sfml-graphics$(SFML_LINK_SUFFIX)";
				SFML_LINK_DYLIBS_PREFIX = "-l";
				SFML_LINK_DYLIBS_SUFFIX = "";
				SFML_LINK_FRAMEWORKS_PREFIX = "-framework";
				SFML_LINK_FRAMEWORKS_SUFFIX = "";
				SFML_LINK_PREFIX = "$(SFML_LINK_$(SFML_BINARY_TYPE)_PREFIX)";
				SFML_LINK_SUFFIX = "$(SFML_LINK_$(SFML_BINARY_TYPE)_SUFFIX)";
				SFML_NETWORK = "$(SFML_LINK_PREFIX) sfml-network$(SFML_LINK_SUFFIX)";
				SFML_SYSTEM = "$(SFML_LINK_PREFIX) sfml-system$(SFML_LINK_SUFFIX)";
				SFML_WINDOW = "$(SFML_LINK_PREFIX) sfml-window$(SFML_LINK_SUFFIX)";
				SUPPORTED_PLATFORMS = macosx;
			};
			name = Debug;
		};
		5A6C7C351FA15AEF00F3ADB5 /* Release */ = {
			isa = XCBuildConfiguration;
			buildSettings = {
				ARCHS = "$(NATIVE_ARCH_ACTUAL)";
				CLANG_CXX_LANGUAGE_STANDARD = "c++0x";
				CLANG_CXX_LIBRARY = "libc++";
				FRAMEWORK_SEARCH_PATHS = (
					/Library/Frameworks/,
					"$(inherited)",
				);
				GCC_VERSION = com.apple.compilers.llvm.clang.1_0;
				HEADER_SEARCH_PATHS = (
					/usr/local/include/,
					"$(inherited)",
				);
				LIBRARY_SEARCH_PATHS = (
					/usr/local/lib/,
					"$(inherited)",
				);
				MACOSX_DEPLOYMENT_TARGET = 10.7;
				OTHER_LDFLAGS = (
					"$(inherited)",
					"$(SFML_SYSTEM)",
					"$(SFML_WINDOW)",
					"$(SFML_GRAPHICS)",
					"$(SFML_AUDIO)",
					"$(SFML_NETWORK)",
				);
				SFML_AUDIO = "$(SFML_LINK_PREFIX) sfml-audio$(SFML_LINK_SUFFIX)";
				SFML_BINARY_TYPE = FRAMEWORKS;
				SFML_GRAPHICS = "$(SFML_LINK_PREFIX) sfml-graphics$(SFML_LINK_SUFFIX)";
				SFML_LINK_DYLIBS_PREFIX = "-l";
				SFML_LINK_DYLIBS_SUFFIX = "";
				SFML_LINK_FRAMEWORKS_PREFIX = "-framework";
				SFML_LINK_FRAMEWORKS_SUFFIX = "";
				SFML_LINK_PREFIX = "$(SFML_LINK_$(SFML_BINARY_TYPE)_PREFIX)";
				SFML_LINK_SUFFIX = "$(SFML_LINK_$(SFML_BINARY_TYPE)_SUFFIX)";
				SFML_NETWORK = "$(SFML_LINK_PREFIX) sfml-network$(SFML_LINK_SUFFIX)";
				SFML_SYSTEM = "$(SFML_LINK_PREFIX) sfml-system$(SFML_LINK_SUFFIX)";
				SFML_WINDOW = "$(SFML_LINK_PREFIX) sfml-window$(SFML_LINK_SUFFIX)";
				SUPPORTED_PLATFORMS = macosx;
			};
			name = Release;
		};
		5A6C7C371FA15AEF00F3ADB5 /* Debug */ = {
			isa = XCBuildConfiguration;
			buildSettings = {
				DEVELOPMENT_TEAM = 2E9CJGV68X;
				INFOPLIST_FILE = "Color Sort/Color Sort-Info.plist";
				LD_RUNPATH_SEARCH_PATHS = "@loader_path/../Frameworks";
				PRODUCT_NAME = "$(TARGET_NAME)";
			};
			name = Debug;
		};
		5A6C7C381FA15AEF00F3ADB5 /* Release */ = {
			isa = XCBuildConfiguration;
			buildSettings = {
				DEVELOPMENT_TEAM = 2E9CJGV68X;
				INFOPLIST_FILE = "Color Sort/Color Sort-Info.plist";
				LD_RUNPATH_SEARCH_PATHS = "@loader_path/../Frameworks";
				PRODUCT_NAME = "$(TARGET_NAME)";
			};
			name = Release;
		};
/* End XCBuildConfiguration section */

/* Begin XCConfigurationList section */
		5A6C7C1B1FA15AEF00F3ADB5 /* Build configuration list for PBXProject "Color Sort" */ = {
			isa = XCConfigurationList;
			buildConfigurations = (
				5A6C7C341FA15AEF00F3ADB5 /* Debug */,
				5A6C7C351FA15AEF00F3ADB5 /* Release */,
			);
			defaultConfigurationIsVisible = 0;
			defaultConfigurationName = Release;
		};
		5A6C7C361FA15AEF00F3ADB5 /* Build configuration list for PBXNativeTarget "Color Sort" */ = {
			isa = XCConfigurationList;
			buildConfigurations = (
				5A6C7C371FA15AEF00F3ADB5 /* Debug */,
				5A6C7C381FA15AEF00F3ADB5 /* Release */,
			);
			defaultConfigurationIsVisible = 0;
		};
/* End XCConfigurationList section */
	};
	rootObject = 5A6C7C181FA15AEF00F3ADB5 /* Project object */;
}
